// !$*UTF8*$!
{
	archiveVersion = 1;
	classes = {
	};
	objectVersion = 51;
	objects = {

/* Begin PBXBuildFile section */
		543B73F82320BA7500E1CF49 /* Venue.swift in Sources */ = {isa = PBXBuildFile; fileRef = 543B73F72320BA7500E1CF49 /* Venue.swift */; };
		54835FDA2320F09A00F322EA /* DetailViewController.swift in Sources */ = {isa = PBXBuildFile; fileRef = 54835FD92320F09A00F322EA /* DetailViewController.swift */; };
		54835FE42321001F00F322EA /* Scene.swift in Sources */ = {isa = PBXBuildFile; fileRef = 54835FE32321001F00F322EA /* Scene.swift */; };
		54835FE62321006C00F322EA /* Scene+ViewController.swift in Sources */ = {isa = PBXBuildFile; fileRef = 54835FE52321006C00F322EA /* Scene+ViewController.swift */; };
		54835FE82321016200F322EA /* DemoSwiftAPI.swift in Sources */ = {isa = PBXBuildFile; fileRef = 54835FE72321016200F322EA /* DemoSwiftAPI.swift */; };
		54835FEA232102F800F322EA /* ViewModel.swift in Sources */ = {isa = PBXBuildFile; fileRef = 54835FE9232102F800F322EA /* ViewModel.swift */; };
		5488624722EAEF3C00F0ACF8 /* AppDelegate.swift in Sources */ = {isa = PBXBuildFile; fileRef = 5488624622EAEF3C00F0ACF8 /* AppDelegate.swift */; };
		5488624922EAEF3C00F0ACF8 /* ViewController.swift in Sources */ = {isa = PBXBuildFile; fileRef = 5488624822EAEF3C00F0ACF8 /* ViewController.swift */; };
		5488624C22EAEF3C00F0ACF8 /* Main.storyboard in Resources */ = {isa = PBXBuildFile; fileRef = 5488624A22EAEF3C00F0ACF8 /* Main.storyboard */; };
		5488624E22EAEF3F00F0ACF8 /* Assets.xcassets in Resources */ = {isa = PBXBuildFile; fileRef = 5488624D22EAEF3F00F0ACF8 /* Assets.xcassets */; };
		5488625122EAEF3F00F0ACF8 /* LaunchScreen.storyboard in Resources */ = {isa = PBXBuildFile; fileRef = 5488624F22EAEF3F00F0ACF8 /* LaunchScreen.storyboard */; };
		5488625A22EAF62500F0ACF8 /* DisplayCell.swift in Sources */ = {isa = PBXBuildFile; fileRef = 5488625822EAF62500F0ACF8 /* DisplayCell.swift */; };
		5488625B22EAF62500F0ACF8 /* DisplayCell.xib in Resources */ = {isa = PBXBuildFile; fileRef = 5488625922EAF62500F0ACF8 /* DisplayCell.xib */; };
		6EA28A6353B4A19DF8C93738 /* Pods_Demo.framework in Frameworks */ = {isa = PBXBuildFile; fileRef = 715B3E9606DE0413BA1EDD93 /* Pods_Demo.framework */; };
/* End PBXBuildFile section */

/* Begin PBXFileReference section */
		3BAACC4B81BFDD08DAC31491 /* Pods-Demo.debug.xcconfig */ = {isa = PBXFileReference; includeInIndex = 1; lastKnownFileType = text.xcconfig; name = "Pods-Demo.debug.xcconfig"; path = "Target Support Files/Pods-Demo/Pods-Demo.debug.xcconfig"; sourceTree = "<group>"; };
		478F0C183C837E13B7978701 /* Pods-Demo.release.xcconfig */ = {isa = PBXFileReference; includeInIndex = 1; lastKnownFileType = text.xcconfig; name = "Pods-Demo.release.xcconfig"; path = "Target Support Files/Pods-Demo/Pods-Demo.release.xcconfig"; sourceTree = "<group>"; };
		543B73F72320BA7500E1CF49 /* Venue.swift */ = {isa = PBXFileReference; lastKnownFileType = sourcecode.swift; path = Venue.swift; sourceTree = "<group>"; };
		54835FD92320F09A00F322EA /* DetailViewController.swift */ = {isa = PBXFileReference; lastKnownFileType = sourcecode.swift; path = DetailViewController.swift; sourceTree = "<group>"; };
		54835FE32321001F00F322EA /* Scene.swift */ = {isa = PBXFileReference; lastKnownFileType = sourcecode.swift; path = Scene.swift; sourceTree = "<group>"; };
		54835FE52321006C00F322EA /* Scene+ViewController.swift */ = {isa = PBXFileReference; lastKnownFileType = sourcecode.swift; path = "Scene+ViewController.swift"; sourceTree = "<group>"; };
		54835FE72321016200F322EA /* DemoSwiftAPI.swift */ = {isa = PBXFileReference; lastKnownFileType = sourcecode.swift; path = DemoSwiftAPI.swift; sourceTree = "<group>"; };
		54835FE9232102F800F322EA /* ViewModel.swift */ = {isa = PBXFileReference; lastKnownFileType = sourcecode.swift; path = ViewModel.swift; sourceTree = "<group>"; };
		5488624322EAEF3C00F0ACF8 /* Demo.app */ = {isa = PBXFileReference; explicitFileType = wrapper.application; includeInIndex = 0; path = Demo.app; sourceTree = BUILT_PRODUCTS_DIR; };
		5488624622EAEF3C00F0ACF8 /* AppDelegate.swift */ = {isa = PBXFileReference; lastKnownFileType = sourcecode.swift; path = AppDelegate.swift; sourceTree = "<group>"; };
		5488624822EAEF3C00F0ACF8 /* ViewController.swift */ = {isa = PBXFileReference; lastKnownFileType = sourcecode.swift; path = ViewController.swift; sourceTree = "<group>"; };
		5488624B22EAEF3C00F0ACF8 /* Base */ = {isa = PBXFileReference; lastKnownFileType = file.storyboard; name = Base; path = Base.lproj/Main.storyboard; sourceTree = "<group>"; };
		5488624D22EAEF3F00F0ACF8 /* Assets.xcassets */ = {isa = PBXFileReference; lastKnownFileType = folder.assetcatalog; path = Assets.xcassets; sourceTree = "<group>"; };
		5488625022EAEF3F00F0ACF8 /* Base */ = {isa = PBXFileReference; lastKnownFileType = file.storyboard; name = Base; path = Base.lproj/LaunchScreen.storyboard; sourceTree = "<group>"; };
		5488625222EAEF3F00F0ACF8 /* Info.plist */ = {isa = PBXFileReference; lastKnownFileType = text.plist.xml; path = Info.plist; sourceTree = "<group>"; };
		5488625822EAF62500F0ACF8 /* DisplayCell.swift */ = {isa = PBXFileReference; lastKnownFileType = sourcecode.swift; path = DisplayCell.swift; sourceTree = "<group>"; };
		5488625922EAF62500F0ACF8 /* DisplayCell.xib */ = {isa = PBXFileReference; lastKnownFileType = file.xib; path = DisplayCell.xib; sourceTree = "<group>"; };
		715B3E9606DE0413BA1EDD93 /* Pods_Demo.framework */ = {isa = PBXFileReference; explicitFileType = wrapper.framework; includeInIndex = 0; path = Pods_Demo.framework; sourceTree = BUILT_PRODUCTS_DIR; };
/* End PBXFileReference section */

/* Begin PBXFrameworksBuildPhase section */
		5488624022EAEF3C00F0ACF8 /* Frameworks */ = {
			isa = PBXFrameworksBuildPhase;
			buildActionMask = 2147483647;
			files = (
				6EA28A6353B4A19DF8C93738 /* Pods_Demo.framework in Frameworks */,
			);
			runOnlyForDeploymentPostprocessing = 0;
		};
/* End PBXFrameworksBuildPhase section */

/* Begin PBXGroup section */
		01D2D8FCDFF68EA081F847E8 /* Pods */ = {
			isa = PBXGroup;
			children = (
				3BAACC4B81BFDD08DAC31491 /* Pods-Demo.debug.xcconfig */,
				478F0C183C837E13B7978701 /* Pods-Demo.release.xcconfig */,
			);
			path = Pods;
			sourceTree = "<group>";
		};
		0E9ED96318134857734202D3 /* Frameworks */ = {
			isa = PBXGroup;
			children = (
				715B3E9606DE0413BA1EDD93 /* Pods_Demo.framework */,
			);
			name = Frameworks;
			sourceTree = "<group>";
		};
		54835FDB2320FEC100F322EA /* Supporting Files */ = {
			isa = PBXGroup;
			children = (
				5488624622EAEF3C00F0ACF8 /* AppDelegate.swift */,
				5488625222EAEF3F00F0ACF8 /* Info.plist */,
			);
			name = "Supporting Files";
			sourceTree = "<group>";
		};
		54835FDC2320FF1500F322EA /* Assets */ = {
			isa = PBXGroup;
			children = (
				5488624D22EAEF3F00F0ACF8 /* Assets.xcassets */,
			);
			name = Assets;
			sourceTree = "<group>";
		};
		54835FDD2320FF4400F322EA /* StoryBoards */ = {
			isa = PBXGroup;
			children = (
				5488624F22EAEF3F00F0ACF8 /* LaunchScreen.storyboard */,
				5488624A22EAEF3C00F0ACF8 /* Main.storyboard */,
			);
			name = StoryBoards;
			sourceTree = "<group>";
		};
		54835FDE2320FF6F00F322EA /* Cells */ = {
			isa = PBXGroup;
			children = (
				5488625822EAF62500F0ACF8 /* DisplayCell.swift */,
				5488625922EAF62500F0ACF8 /* DisplayCell.xib */,
			);
			path = Cells;
			sourceTree = "<group>";
		};
		54835FDF2320FFA800F322EA /* Controllers */ = {
			isa = PBXGroup;
			children = (
				54835FD92320F09A00F322EA /* DetailViewController.swift */,
				5488624822EAEF3C00F0ACF8 /* ViewController.swift */,
				54835FE9232102F800F322EA /* ViewModel.swift */,
			);
			path = Controllers;
			sourceTree = "<group>";
		};
		54835FE02320FFCB00F322EA /* Models */ = {
			isa = PBXGroup;
			children = (
				543B73F72320BA7500E1CF49 /* Venue.swift */,
			);
			path = Models;
			sourceTree = "<group>";
		};
		54835FE12320FFE800F322EA /* Services */ = {
			isa = PBXGroup;
			children = (
				54835FE72321016200F322EA /* DemoSwiftAPI.swift */,
			);
			path = Services;
			sourceTree = "<group>";
		};
		54835FE22320FFF900F322EA /* Scenes */ = {
			isa = PBXGroup;
			children = (
				54835FE32321001F00F322EA /* Scene.swift */,
				54835FE52321006C00F322EA /* Scene+ViewController.swift */,
			);
			path = Scenes;
			sourceTree = "<group>";
		};
		5488623A22EAEF3C00F0ACF8 = {
			isa = PBXGroup;
			children = (
				5488624522EAEF3C00F0ACF8 /* Demo */,
				5488624422EAEF3C00F0ACF8 /* Products */,
				01D2D8FCDFF68EA081F847E8 /* Pods */,
				0E9ED96318134857734202D3 /* Frameworks */,
			);
			sourceTree = "<group>";
		};
		5488624422EAEF3C00F0ACF8 /* Products */ = {
			isa = PBXGroup;
			children = (
				5488624322EAEF3C00F0ACF8 /* Demo.app */,
			);
			name = Products;
			sourceTree = "<group>";
		};
		5488624522EAEF3C00F0ACF8 /* Demo */ = {
			isa = PBXGroup;
			children = (
				54835FE22320FFF900F322EA /* Scenes */,
				54835FE12320FFE800F322EA /* Services */,
				54835FE02320FFCB00F322EA /* Models */,
				54835FDF2320FFA800F322EA /* Controllers */,
				54835FDE2320FF6F00F322EA /* Cells */,
				54835FDD2320FF4400F322EA /* StoryBoards */,
				54835FDC2320FF1500F322EA /* Assets */,
				54835FDB2320FEC100F322EA /* Supporting Files */,
			);
			path = Demo;
			sourceTree = "<group>";
		};
/* End PBXGroup section */

/* Begin PBXNativeTarget section */
		5488624222EAEF3C00F0ACF8 /* Demo */ = {
			isa = PBXNativeTarget;
			buildConfigurationList = 5488625522EAEF3F00F0ACF8 /* Build configuration list for PBXNativeTarget "Demo" */;
			buildPhases = (
				E4E9D5D8D885F663E7CC0C88 /* [CP] Check Pods Manifest.lock */,
				5488623F22EAEF3C00F0ACF8 /* Sources */,
				5488624022EAEF3C00F0ACF8 /* Frameworks */,
				5488624122EAEF3C00F0ACF8 /* Resources */,
				9FE01CF61EBE6A8621CC38B8 /* [CP] Embed Pods Frameworks */,
			);
			buildRules = (
			);
			dependencies = (
			);
			name = Demo;
			productName = Demo;
			productReference = 5488624322EAEF3C00F0ACF8 /* Demo.app */;
			productType = "com.apple.product-type.application";
		};
/* End PBXNativeTarget section */

/* Begin PBXProject section */
		5488623B22EAEF3C00F0ACF8 /* Project object */ = {
			isa = PBXProject;
			attributes = {
				LastSwiftUpdateCheck = 1020;
				LastUpgradeCheck = 1020;
				ORGANIZATIONNAME = warittha;
				TargetAttributes = {
					5488624222EAEF3C00F0ACF8 = {
						CreatedOnToolsVersion = 10.2.1;
					};
				};
			};
			buildConfigurationList = 5488623E22EAEF3C00F0ACF8 /* Build configuration list for PBXProject "Demo" */;
			compatibilityVersion = "Xcode 9.3";
			developmentRegion = en;
			hasScannedForEncodings = 0;
			knownRegions = (
				en,
				Base,
			);
			mainGroup = 5488623A22EAEF3C00F0ACF8;
			productRefGroup = 5488624422EAEF3C00F0ACF8 /* Products */;
			projectDirPath = "";
			projectRoot = "";
			targets = (
				5488624222EAEF3C00F0ACF8 /* Demo */,
			);
		};
/* End PBXProject section */

/* Begin PBXResourcesBuildPhase section */
		5488624122EAEF3C00F0ACF8 /* Resources */ = {
			isa = PBXResourcesBuildPhase;
			buildActionMask = 2147483647;
			files = (
				5488625122EAEF3F00F0ACF8 /* LaunchScreen.storyboard in Resources */,
				5488624E22EAEF3F00F0ACF8 /* Assets.xcassets in Resources */,
				5488625B22EAF62500F0ACF8 /* DisplayCell.xib in Resources */,
				5488624C22EAEF3C00F0ACF8 /* Main.storyboard in Resources */,
			);
			runOnlyForDeploymentPostprocessing = 0;
		};
/* End PBXResourcesBuildPhase section */

/* Begin PBXShellScriptBuildPhase section */
		9FE01CF61EBE6A8621CC38B8 /* [CP] Embed Pods Frameworks */ = {
			isa = PBXShellScriptBuildPhase;
			buildActionMask = 2147483647;
			files = (
			);
			inputFileListPaths = (
				"${PODS_ROOT}/Target Support Files/Pods-Demo/Pods-Demo-frameworks-${CONFIGURATION}-input-files.xcfilelist",
			);
			name = "[CP] Embed Pods Frameworks";
			outputFileListPaths = (
				"${PODS_ROOT}/Target Support Files/Pods-Demo/Pods-Demo-frameworks-${CONFIGURATION}-output-files.xcfilelist",
			);
			runOnlyForDeploymentPostprocessing = 0;
			shellPath = /bin/sh;
			shellScript = "\"${PODS_ROOT}/Target Support Files/Pods-Demo/Pods-Demo-frameworks.sh\"\n";
			showEnvVarsInLog = 0;
		};
		E4E9D5D8D885F663E7CC0C88 /* [CP] Check Pods Manifest.lock */ = {
			isa = PBXShellScriptBuildPhase;
			buildActionMask = 2147483647;
			files = (
			);
			inputFileListPaths = (
			);
			inputPaths = (
				"${PODS_PODFILE_DIR_PATH}/Podfile.lock",
				"${PODS_ROOT}/Manifest.lock",
			);
			name = "[CP] Check Pods Manifest.lock";
			outputFileListPaths = (
			);
			outputPaths = (
				"$(DERIVED_FILE_DIR)/Pods-Demo-checkManifestLockResult.txt",
			);
			runOnlyForDeploymentPostprocessing = 0;
			shellPath = /bin/sh;
			shellScript = "diff \"${PODS_PODFILE_DIR_PATH}/Podfile.lock\" \"${PODS_ROOT}/Manifest.lock\" > /dev/null\nif [ $? != 0 ] ; then\n    # print error to STDERR\n    echo \"error: The sandbox is not in sync with the Podfile.lock. Run 'pod install' or update your CocoaPods installation.\" >&2\n    exit 1\nfi\n# This output is used by Xcode 'outputs' to avoid re-running this script phase.\necho \"SUCCESS\" > \"${SCRIPT_OUTPUT_FILE_0}\"\n";
			showEnvVarsInLog = 0;
		};
/* End PBXShellScriptBuildPhase section */

/* Begin PBXSourcesBuildPhase section */
		5488623F22EAEF3C00F0ACF8 /* Sources */ = {
			isa = PBXSourcesBuildPhase;
			buildActionMask = 2147483647;
			files = (
				5488624922EAEF3C00F0ACF8 /* ViewController.swift in Sources */,
				54835FEA232102F800F322EA /* ViewModel.swift in Sources */,
				54835FE82321016200F322EA /* DemoSwiftAPI.swift in Sources */,
				54835FE62321006C00F322EA /* Scene+ViewController.swift in Sources */,
				543B73F82320BA7500E1CF49 /* Venue.swift in Sources */,
				54835FE42321001F00F322EA /* Scene.swift in Sources */,
				54835FDA2320F09A00F322EA /* DetailViewController.swift in Sources */,
				5488624722EAEF3C00F0ACF8 /* AppDelegate.swift in Sources */,
				5488625A22EAF62500F0ACF8 /* DisplayCell.swift in Sources */,
			);
			runOnlyForDeploymentPostprocessing = 0;
		};
/* End PBXSourcesBuildPhase section */

/* Begin PBXVariantGroup section */
		5488624A22EAEF3C00F0ACF8 /* Main.storyboard */ = {
			isa = PBXVariantGroup;
			children = (
				5488624B22EAEF3C00F0ACF8 /* Base */,
			);
			name = Main.storyboard;
			sourceTree = "<group>";
		};
		5488624F22EAEF3F00F0ACF8 /* LaunchScreen.storyboard */ = {
			isa = PBXVariantGroup;
			children = (
				5488625022EAEF3F00F0ACF8 /* Base */,
			);
			name = LaunchScreen.storyboard;
			sourceTree = "<group>";
		};
/* End PBXVariantGroup section */

/* Begin XCBuildConfiguration section */
		5488625322EAEF3F00F0ACF8 /* Debug */ = {
			isa = XCBuildConfiguration;
			buildSettings = {
				ALWAYS_SEARCH_USER_PATHS = NO;
				CLANG_ANALYZER_NONNULL = YES;
				CLANG_ANALYZER_NUMBER_OBJECT_CONVERSION = YES_AGGRESSIVE;
				CLANG_CXX_LANGUAGE_STANDARD = "gnu++14";
				CLANG_CXX_LIBRARY = "libc++";
				CLANG_ENABLE_MODULES = YES;
				CLANG_ENABLE_OBJC_ARC = YES;
				CLANG_ENABLE_OBJC_WEAK = YES;
				CLANG_WARN_BLOCK_CAPTURE_AUTORELEASING = YES;
				CLANG_WARN_BOOL_CONVERSION = YES;
				CLANG_WARN_COMMA = YES;
				CLANG_WARN_CONSTANT_CONVERSION = YES;
				CLANG_WARN_DEPRECATED_OBJC_IMPLEMENTATIONS = YES;
				CLANG_WARN_DIRECT_OBJC_ISA_USAGE = YES_ERROR;
				CLANG_WARN_DOCUMENTATION_COMMENTS = YES;
				CLANG_WARN_EMPTY_BODY = YES;
				CLANG_WARN_ENUM_CONVERSION = YES;
				CLANG_WARN_INFINITE_RECURSION = YES;
				CLANG_WARN_INT_CONVERSION = YES;
				CLANG_WARN_NON_LITERAL_NULL_CONVERSION = YES;
				CLANG_WARN_OBJC_IMPLICIT_RETAIN_SELF = YES;
				CLANG_WARN_OBJC_LITERAL_CONVERSION = YES;
				CLANG_WARN_OBJC_ROOT_CLASS = YES_ERROR;
				CLANG_WARN_RANGE_LOOP_ANALYSIS = YES;
				CLANG_WARN_STRICT_PROTOTYPES = YES;
				CLANG_WARN_SUSPICIOUS_MOVE = YES;
				CLANG_WARN_UNGUARDED_AVAILABILITY = YES_AGGRESSIVE;
				CLANG_WARN_UNREACHABLE_CODE = YES;
				CLANG_WARN__DUPLICATE_METHOD_MATCH = YES;
				CODE_SIGN_IDENTITY = "iPhone Developer";
				COPY_PHASE_STRIP = NO;
				DEBUG_INFORMATION_FORMAT = dwarf;
				ENABLE_STRICT_OBJC_MSGSEND = YES;
				ENABLE_TESTABILITY = YES;
				GCC_C_LANGUAGE_STANDARD = gnu11;
				GCC_DYNAMIC_NO_PIC = NO;
				GCC_NO_COMMON_BLOCKS = YES;
				GCC_OPTIMIZATION_LEVEL = 0;
				GCC_PREPROCESSOR_DEFINITIONS = (
					"DEBUG=1",
					"$(inherited)",
				);
				GCC_WARN_64_TO_32_BIT_CONVERSION = YES;
				GCC_WARN_ABOUT_RETURN_TYPE = YES_ERROR;
				GCC_WARN_UNDECLARED_SELECTOR = YES;
				GCC_WARN_UNINITIALIZED_AUTOS = YES_AGGRESSIVE;
				GCC_WARN_UNUSED_FUNCTION = YES;
				GCC_WARN_UNUSED_VARIABLE = YES;
				IPHONEOS_DEPLOYMENT_TARGET = 10.0;
				MTL_ENABLE_DEBUG_INFO = INCLUDE_SOURCE;
				MTL_FAST_MATH = YES;
				ONLY_ACTIVE_ARCH = YES;
				SDKROOT = iphoneos;
				SWIFT_ACTIVE_COMPILATION_CONDITIONS = DEBUG;
				SWIFT_OPTIMIZATION_LEVEL = "-Onone";
			};
			name = Debug;
		};
		5488625422EAEF3F00F0ACF8 /* Release */ = {
			isa = XCBuildConfiguration;
			buildSettings = {
				ALWAYS_SEARCH_USER_PATHS = NO;
				CLANG_ANALYZER_NONNULL = YES;
				CLANG_ANALYZER_NUMBER_OBJECT_CONVERSION = YES_AGGRESSIVE;
				CLANG_CXX_LANGUAGE_STANDARD = "gnu++14";
				CLANG_CXX_LIBRARY = "libc++";
				CLANG_ENABLE_MODULES = YES;
				CLANG_ENABLE_OBJC_ARC = YES;
				CLANG_ENABLE_OBJC_WEAK = YES;
				CLANG_WARN_BLOCK_CAPTURE_AUTORELEASING = YES;
				CLANG_WARN_BOOL_CONVERSION = YES;
				CLANG_WARN_COMMA = YES;
				CLANG_WARN_CONSTANT_CONVERSION = YES;
				CLANG_WARN_DEPRECATED_OBJC_IMPLEMENTATIONS = YES;
				CLANG_WARN_DIRECT_OBJC_ISA_USAGE = YES_ERROR;
				CLANG_WARN_DOCUMENTATION_COMMENTS = YES;
				CLANG_WARN_EMPTY_BODY = YES;
				CLANG_WARN_ENUM_CONVERSION = YES;
				CLANG_WARN_INFINITE_RECURSION = YES;
				CLANG_WARN_INT_CONVERSION = YES;
				CLANG_WARN_NON_LITERAL_NULL_CONVERSION = YES;
				CLANG_WARN_OBJC_IMPLICIT_RETAIN_SELF = YES;
				CLANG_WARN_OBJC_LITERAL_CONVERSION = YES;
				CLANG_WARN_OBJC_ROOT_CLASS = YES_ERROR;
				CLANG_WARN_RANGE_LOOP_ANALYSIS = YES;
				CLANG_WARN_STRICT_PROTOTYPES = YES;
				CLANG_WARN_SUSPICIOUS_MOVE = YES;
				CLANG_WARN_UNGUARDED_AVAILABILITY = YES_AGGRESSIVE;
				CLANG_WARN_UNREACHABLE_CODE = YES;
				CLANG_WARN__DUPLICATE_METHOD_MATCH = YES;
				CODE_SIGN_IDENTITY = "iPhone Developer";
				COPY_PHASE_STRIP = NO;
				DEBUG_INFORMATION_FORMAT = "dwarf-with-dsym";
				ENABLE_NS_ASSERTIONS = NO;
				ENABLE_STRICT_OBJC_MSGSEND = YES;
				GCC_C_LANGUAGE_STANDARD = gnu11;
				GCC_NO_COMMON_BLOCKS = YES;
				GCC_WARN_64_TO_32_BIT_CONVERSION = YES;
				GCC_WARN_ABOUT_RETURN_TYPE = YES_ERROR;
				GCC_WARN_UNDECLARED_SELECTOR = YES;
				GCC_WARN_UNINITIALIZED_AUTOS = YES_AGGRESSIVE;
				GCC_WARN_UNUSED_FUNCTION = YES;
				GCC_WARN_UNUSED_VARIABLE = YES;
				IPHONEOS_DEPLOYMENT_TARGET = 10.0;
				MTL_ENABLE_DEBUG_INFO = NO;
				MTL_FAST_MATH = YES;
				SDKROOT = iphoneos;
				SWIFT_COMPILATION_MODE = wholemodule;
				SWIFT_OPTIMIZATION_LEVEL = "-O";
				VALIDATE_PRODUCT = YES;
			};
			name = Release;
		};
		5488625622EAEF3F00F0ACF8 /* Debug */ = {
			isa = XCBuildConfiguration;
			baseConfigurationReference = 3BAACC4B81BFDD08DAC31491 /* Pods-Demo.debug.xcconfig */;
			buildSettings = {
				ASSETCATALOG_COMPILER_APPICON_NAME = AppIcon;
				CODE_SIGN_STYLE = Automatic;
				INFOPLIST_FILE = Demo/Info.plist;
				IPHONEOS_DEPLOYMENT_TARGET = 10.0;
				LD_RUNPATH_SEARCH_PATHS = (
					"$(inherited)",
					"@executable_path/Frameworks",
				);
				PRODUCT_BUNDLE_IDENTIFIER = com.ios.fillgoods.Demo;
				PRODUCT_NAME = "$(TARGET_NAME)";
				SWIFT_VERSION = 5.0;
				TARGETED_DEVICE_FAMILY = 1;
			};
			name = Debug;
		};
		5488625722EAEF3F00F0ACF8 /* Release */ = {
			isa = XCBuildConfiguration;
			baseConfigurationReference = 478F0C183C837E13B7978701 /* Pods-Demo.release.xcconfig */;
			buildSettings = {
				ASSETCATALOG_COMPILER_APPICON_NAME = AppIcon;
				CODE_SIGN_STYLE = Automatic;
				INFOPLIST_FILE = Demo/Info.plist;
				IPHONEOS_DEPLOYMENT_TARGET = 10.0;
				LD_RUNPATH_SEARCH_PATHS = (
					"$(inherited)",
					"@executable_path/Frameworks",
				);
				PRODUCT_BUNDLE_IDENTIFIER = com.ios.fillgoods.Demo;
				PRODUCT_NAME = "$(TARGET_NAME)";
				SWIFT_VERSION = 5.0;
				TARGETED_DEVICE_FAMILY = 1;
			};
			name = Release;
		};
/* End XCBuildConfiguration section */

/* Begin XCConfigurationList section */
		5488623E22EAEF3C00F0ACF8 /* Build configuration list for PBXProject "Demo" */ = {
			isa = XCConfigurationList;
			buildConfigurations = (
				5488625322EAEF3F00F0ACF8 /* Debug */,
				5488625422EAEF3F00F0ACF8 /* Release */,
			);
			defaultConfigurationIsVisible = 0;
			defaultConfigurationName = Release;
		};
		5488625522EAEF3F00F0ACF8 /* Build configuration list for PBXNativeTarget "Demo" */ = {
			isa = XCConfigurationList;
			buildConfigurations = (
				5488625622EAEF3F00F0ACF8 /* Debug */,
				5488625722EAEF3F00F0ACF8 /* Release */,
			);
			defaultConfigurationIsVisible = 0;
			defaultConfigurationName = Release;
		};
/* End XCConfigurationList section */
	};
	rootObject = 5488623B22EAEF3C00F0ACF8 /* Project object */;
}
